// !$*UTF8*$!
{
	archiveVersion = 1;
	classes = {
	};
	objectVersion = 46;
	objects = {

/* Begin PBXBuildFile section */
		9608219F1CC17CB4000BE907 /* toyota.m in Sources */ = {isa = PBXBuildFile; fileRef = 96B7BFB71CB46108005B0666 /* toyota.m */; };
		96B7BFB51CB4603C005B0666 /* Car.m in Sources */ = {isa = PBXBuildFile; fileRef = 96B7BFB41CB4603C005B0666 /* Car.m */; };
		96DBDB471CAF99C500F49C5C /* main.m in Sources */ = {isa = PBXBuildFile; fileRef = 96DBDB461CAF99C500F49C5C /* main.m */; };
/* End PBXBuildFile section */

/* Begin PBXCopyFilesBuildPhase section */
		96DBDB411CAF99C500F49C5C /* CopyFiles */ = {
			isa = PBXCopyFilesBuildPhase;
			buildActionMask = 2147483647;
			dstPath = /usr/share/man/man1/;
			dstSubfolderSpec = 0;
			files = (
			);
			runOnlyForDeploymentPostprocessing = 1;
		};
/* End PBXCopyFilesBuildPhase section */

/* Begin PBXFileReference section */
		96B7BFB31CB4603C005B0666 /* Car.h */ = {isa = PBXFileReference; fileEncoding = 4; lastKnownFileType = sourcecode.c.h; path = Car.h; sourceTree = SOURCE_ROOT; };
		96B7BFB41CB4603C005B0666 /* Car.m */ = {isa = PBXFileReference; fileEncoding = 4; lastKnownFileType = sourcecode.c.objc; path = Car.m; sourceTree = SOURCE_ROOT; };
		96B7BFB61CB46108005B0666 /* toyota.h */ = {isa = PBXFileReference; fileEncoding = 4; lastKnownFileType = sourcecode.c.h; name = toyota.h; path = ../toyota.h; sourceTree = "<group>"; };
		96B7BFB71CB46108005B0666 /* toyota.m */ = {isa = PBXFileReference; fileEncoding = 4; lastKnownFileType = sourcecode.c.objc; name = toyota.m; path = ../toyota.m; sourceTree = "<group>"; };
		96DBDB431CAF99C500F49C5C /* Car */ = {isa = PBXFileReference; explicitFileType = "compiled.mach-o.executable"; includeInIndex = 0; path = Car; sourceTree = BUILT_PRODUCTS_DIR; };
		96DBDB461CAF99C500F49C5C /* main.m */ = {isa = PBXFileReference; lastKnownFileType = sourcecode.c.objc; path = main.m; sourceTree = "<group>"; };
/* End PBXFileReference section */

/* Begin PBXFrameworksBuildPhase section */
		96DBDB401CAF99C500F49C5C /* Frameworks */ = {
			isa = PBXFrameworksBuildPhase;
			buildActionMask = 2147483647;
			files = (
			);
			runOnlyForDeploymentPostprocessing = 0;
		};
/* End PBXFrameworksBuildPhase section */

/* Begin PBXGroup section */
		96DBDB3A1CAF99C500F49C5C = {
			isa = PBXGroup;
			children = (
				96DBDB451CAF99C500F49C5C /* Car */,
				96DBDB441CAF99C500F49C5C /* Products */,
			);
			sourceTree = "<group>";
		};
		96DBDB441CAF99C500F49C5C /* Products */ = {
			isa = PBXGroup;
			children = (
				96DBDB431CAF99C500F49C5C /* Car */,
			);
			name = Products;
			sourceTree = "<group>";
		};
		96DBDB451CAF99C500F49C5C /* Car */ = {
			isa = PBXGroup;
			children = (
				96B7BFB61CB46108005B0666 /* toyota.h */,
				96B7BFB71CB46108005B0666 /* toyota.m */,
				96B7BFB31CB4603C005B0666 /* Car.h */,
				96B7BFB41CB4603C005B0666 /* Car.m */,
				96DBDB461CAF99C500F49C5C /* main.m */,
			);
			path = Car;
			sourceTree = "<group>";
		};
/* End PBXGroup section */

/* Begin PBXNativeTarget section */
		96DBDB421CAF99C500F49C5C /* Car */ = {
			isa = PBXNativeTarget;
			buildConfigurationList = 96DBDB4A1CAF99C500F49C5C /* Build configuration list for PBXNativeTarget "Car" */;
			buildPhases = (
				96DBDB3F1CAF99C500F49C5C /* Sources */,
				96DBDB401CAF99C500F49C5C /* Frameworks */,
				96DBDB411CAF99C500F49C5C /* CopyFiles */,
			);
			buildRules = (
			);
			dependencies = (
			);
			name = Car;
			productName = Car;
			productReference = 96DBDB431CAF99C500F49C5C /* Car */;
			productType = "com.apple.product-type.tool";
		};
/* End PBXNativeTarget section */

/* Begin PBXProject section */
		96DBDB3B1CAF99C500F49C5C /* Project object */ = {
			isa = PBXProject;
			attributes = {
				KnownAssetTags = (
					New,
				);
				LastUpgradeCheck = 0730;
				ORGANIZATIONNAME = "Asuka Nakagawa";
				TargetAttributes = {
					96DBDB421CAF99C500F49C5C = {
						CreatedOnToolsVersion = 7.3;
					};
				};
			};
			buildConfigurationList = 96DBDB3E1CAF99C500F49C5C /* Build configuration list for PBXProject "Car" */;
			compatibilityVersion = "Xcode 3.2";
			developmentRegion = English;
			hasScannedForEncodings = 0;
			knownRegions = (
				en,
			);
			mainGroup = 96DBDB3A1CAF99C500F49C5C;
			productRefGroup = 96DBDB441CAF99C500F49C5C /* Products */;
			projectDirPath = "";
			projectRoot = "";
			targets = (
				96DBDB421CAF99C500F49C5C /* Car */,
			);
		};
/* End PBXProject section */

/* Begin PBXSourcesBuildPhase section */
		96DBDB3F1CAF99C500F49C5C /* Sources */ = {
			isa = PBXSourcesBuildPhase;
			buildActionMask = 2147483647;
			files = (
				96DBDB471CAF99C500F49C5C /* main.m in Sources */,
				96B7BFB51CB4603C005B0666 /* Car.m in Sources */,
				9608219F1CC17CB4000BE907 /* toyota.m in Sources */,
			);
			runOnlyForDeploymentPostprocessing = 0;
		};
/* End PBXSourcesBuildPhase section */

/* Begin XCBuildConfiguration section */
		96DBDB481CAF99C500F49C5C /* Debug */ = {
			isa = XCBuildConfiguration;
			buildSettings = {
				ALWAYS_SEARCH_USER_PATHS = NO;
				CLANG_ANALYZER_NONNULL = YES;
				CLANG_CXX_LANGUAGE_STANDARD = "gnu++0x";
				CLANG_CXX_LIBRARY = "libc++";
				CLANG_ENABLE_MODULES = YES;
				CLANG_ENABLE_OBJC_ARC = YES;
				CLANG_WARN_BOOL_CONVERSION = YES;
				CLANG_WARN_CONSTANT_CONVERSION = YES;
				CLANG_WARN_DIRECT_OBJC_ISA_USAGE = YES_ERROR;
				CLANG_WARN_EMPTY_BODY = YES;
				CLANG_WARN_ENUM_CONVERSION = YES;
				CLANG_WARN_INT_CONVERSION = YES;
				CLANG_WARN_OBJC_ROOT_CLASS = YES_ERROR;
				CLANG_WARN_UNREACHABLE_CODE = YES;
				CLANG_WARN__DUPLICATE_METHOD_MATCH = YES;
				CODE_SIGN_IDENTITY = "-";
				COPY_PHASE_STRIP = NO;
				DEBUG_INFORMATION_FORMAT = dwarf;
				ENABLE_STRICT_OBJC_MSGSEND = YES;
				ENABLE_TESTABILITY = YES;
				GCC_C_LANGUAGE_STANDARD = gnu99;
				GCC_DYNAMIC_NO_PIC = NO;
				GCC_NO_COMMON_BLOCKS = YES;
				GCC_OPTIMIZATION_LEVEL = 0;
				GCC_PREPROCESSOR_DEFINITIONS = (
					"DEBUG=1",
					"$(inherited)",
				);
				GCC_WARN_64_TO_32_BIT_CONVERSION = YES;
				GCC_WARN_ABOUT_RETURN_TYPE = YES_ERROR;
				GCC_WARN_UNDECLARED_SELECTOR = YES;
				GCC_WARN_UNINITIALIZED_AUTOS = YES_AGGRESSIVE;
				GCC_WARN_UNUSED_FUNCTION = YES;
				GCC_WARN_UNUSED_VARIABLE = YES;
				MACOSX_DEPLOYMENT_TARGET = 10.11;
				MTL_ENABLE_DEBUG_INFO = YES;
				ONLY_ACTIVE_ARCH = YES;
				SDKROOT = macosx;
			};
			name = Debug;
		};
		96DBDB491CAF99C500F49C5C /* Release */ = {
			isa = XCBuildConfiguration;
			buildSettings = {
				ALWAYS_SEARCH_USER_PATHS = NO;
				CLANG_ANALYZER_NONNULL = YES;
				CLANG_CXX_LANGUAGE_STANDARD = "gnu++0x";
				CLANG_CXX_LIBRARY = "libc++";
				CLANG_ENABLE_MODULES = YES;
				CLANG_ENABLE_OBJC_ARC = YES;
				CLANG_WARN_BOOL_CONVERSION = YES;
				CLANG_WARN_CONSTANT_CONVERSION = YES;
				CLANG_WARN_DIRECT_OBJC_ISA_USAGE = YES_ERROR;
				CLANG_WARN_EMPTY_BODY = YES;
				CLANG_WARN_ENUM_CONVERSION = YES;
				CLANG_WARN_INT_CONVERSION = YES;
				CLANG_WARN_OBJC_ROOT_CLASS = YES_ERROR;
				CLANG_WARN_UNREACHABLE_CODE = YES;
				CLANG_WARN__DUPLICATE_METHOD_MATCH = YES;
				CODE_SIGN_IDENTITY = "-";
				COPY_PHASE_STRIP = NO;
				DEBUG_INFORMATION_FORMAT = "dwarf-with-dsym";
				ENABLE_NS_ASSERTIONS = NO;
				ENABLE_STRICT_OBJC_MSGSEND = YES;
				GCC_C_LANGUAGE_STANDARD = gnu99;
				GCC_NO_COMMON_BLOCKS = YES;
				GCC_WARN_64_TO_32_BIT_CONVERSION = YES;
				GCC_WARN_ABOUT_RETURN_TYPE = YES_ERROR;
				GCC_WARN_UNDECLARED_SELECTOR = YES;
				GCC_WARN_UNINITIALIZED_AUTOS = YES_AGGRESSIVE;
				GCC_WARN_UNUSED_FUNCTION = YES;
				GCC_WARN_UNUSED_VARIABLE = YES;
				MACOSX_DEPLOYMENT_TARGET = 10.11;
				MTL_ENABLE_DEBUG_INFO = NO;
				SDKROOT = macosx;
			};
			name = Release;
		};
		96DBDB4B1CAF99C500F49C5C /* Debug */ = {
			isa = XCBuildConfiguration;
			buildSettings = {
				PRODUCT_NAME = "$(TARGET_NAME)";
			};
			name = Debug;
		};
		96DBDB4C1CAF99C500F49C5C /* Release */ = {
			isa = XCBuildConfiguration;
			buildSettings = {
				PRODUCT_NAME = "$(TARGET_NAME)";
			};
			name = Release;
		};
/* End XCBuildConfiguration section */

/* Begin XCConfigurationList section */
		96DBDB3E1CAF99C500F49C5C /* Build configuration list for PBXProject "Car" */ = {
			isa = XCConfigurationList;
			buildConfigurations = (
				96DBDB481CAF99C500F49C5C /* Debug */,
				96DBDB491CAF99C500F49C5C /* Release */,
			);
			defaultConfigurationIsVisible = 0;
			defaultConfigurationName = Release;
		};
		96DBDB4A1CAF99C500F49C5C /* Build configuration list for PBXNativeTarget "Car" */ = {
			isa = XCConfigurationList;
			buildConfigurations = (
				96DBDB4B1CAF99C500F49C5C /* Debug */,
				96DBDB4C1CAF99C500F49C5C /* Release */,
			);
			defaultConfigurationIsVisible = 0;
			defaultConfigurationName = Release;
		};
/* End XCConfigurationList section */
	};
	rootObject = 96DBDB3B1CAF99C500F49C5C /* Project object */;
}
